
Microsoft Visual Studio Solution File, Format Version 12.00
# Visual Studio Version 17
VisualStudioVersion = 17.5.002.0
MinimumVisualStudioVersion = 10.0.40219.1
Project("{9A19103F-16F7-4668-BE54-9A1E7A4F7556}") = "Lesson c# 3", "Lesson c# 3\Lesson c# 3.csproj", "{7204A0E6-AD75-4208-88C5-0EABD1695CEB}"
EndProject
Global
	GlobalSection(SolutionConfigurationPlatforms) = preSolution
		Debug|Any CPU = Debug|Any CPU
		Release|Any CPU = Release|Any CPU
	EndGlobalSection
	GlobalSection(ProjectConfigurationPlatforms) = postSolution
		{7204A0E6-AD75-4208-88C5-0EABD1695CEB}.Debug|Any CPU.ActiveCfg = Debug|Any CPU
		{7204A0E6-AD75-4208-88C5-0EABD1695CEB}.Debug|Any CPU.Build.0 = Debug|Any CPU
		{7204A0E6-AD75-4208-88C5-0EABD1695CEB}.Release|Any CPU.ActiveCfg = Release|Any CPU
		{7204A0E6-AD75-4208-88C5-0EABD1695CEB}.Release|Any CPU.Build.0 = Release|Any CPU
	EndGlobalSection
	GlobalSection(SolutionProperties) = preSolution
		HideSolutionNode = FALSE
	EndGlobalSection
	GlobalSection(ExtensibilityGlobals) = postSolution
		SolutionGuid = {414DB892-0523-4FBF-B1ED-6238597FF728}
	EndGlobalSection
EndGlobal
